<?xml version="1.0" encoding="utf-8"?>
<Project ToolsVersion="4.0" xmlns="http://schemas.microsoft.com/developer/msbuild/2003">
  <ItemGroup>
    <Filter Include="Source">
      <UniqueIdentifier>{0b2fe7df-53f2-481c-98dd-418da41d5dbb}</UniqueIdentifier>
    </Filter>
    <Filter Include="Game">
      <UniqueIdentifier>{5530228d-c29b-4cd5-8826-71c97d67ec32}</UniqueIdentifier>
    </Filter>
    <Filter Include="Framework">
      <UniqueIdentifier>{62693d8b-f90b-454e-96cb-b801bde244e7}</UniqueIdentifier>
    </Filter>
    <Filter Include="Utility">
      <UniqueIdentifier>{356a713d-422e-409b-a3d5-09b8c132654c}</UniqueIdentifier>
    </Filter>
    <Filter Include="Framework\Input">
      <UniqueIdentifier>{77f68fce-67f3-4994-a5ba-bab7a33f78cc}</UniqueIdentifier>
    </Filter>
  </ItemGroup>
  <ItemGroup>
    <ClCompile Include="Main.cpp">
      <Filter>Source</Filter>
    </ClCompile>
    <ClCompile Include="Input.cpp">
      <Filter>Framework\Input</Filter>
    </ClCompile>
  </ItemGroup>
  <ItemGroup>
    <ClInclude Include="Input.h">
      <Filter>Framework\Input</Filter>
    </ClInclude>
  </ItemGroup>
  <ItemGroup>
    <Text Include="Commenting Header.txt">
      <Filter>Utility</Filter>
    </Text>
  </ItemGroup>
</Project>