
Microsoft Visual Studio Solution File, Format Version 12.00
# Visual Studio 15
VisualStudioVersion = 15.0.27703.2035
MinimumVisualStudioVersion = 10.0.40219.1
Project("{8BC9CEB8-8B4A-11D0-8D11-00A0C91BC942}") = "Velocitas", "Velocitas\Velocitas.vcxproj", "{62A167C8-2FCA-43F1-BCBE-729ADA200F50}"
EndProject
Global
	GlobalSection(SolutionConfigurationPlatforms) = preSolution
		Debug|x64 = Debug|x64
		Debug|x86 = Debug|x86
		Release|x64 = Release|x64
		Release|x86 = Release|x86
	EndGlobalSection
	GlobalSection(ProjectConfigurationPlatforms) = postSolution
		{62A167C8-2FCA-43F1-BCBE-729ADA200F50}.Debug|x64.ActiveCfg = Debug|x64
		{62A167C8-2FCA-43F1-BCBE-729ADA200F50}.Debug|x64.Build.0 = Debug|x64
		{62A167C8-2FCA-43F1-BCBE-729ADA200F50}.Debug|x86.ActiveCfg = Debug|Win32
		{62A167C8-2FCA-43F1-BCBE-729ADA200F50}.Debug|x86.Build.0 = Debug|Win32
		{62A167C8-2FCA-43F1-BCBE-729ADA200F50}.Release|x64.ActiveCfg = Release|x64
		{62A167C8-2FCA-43F1-BCBE-729ADA200F50}.Release|x64.Build.0 = Release|x64
		{62A167C8-2FCA-43F1-BCBE-729ADA200F50}.Release|x86.ActiveCfg = Release|Win32
		{62A167C8-2FCA-43F1-BCBE-729ADA200F50}.Release|x86.Build.0 = Release|Win32
	EndGlobalSection
	GlobalSection(SolutionProperties) = preSolution
		HideSolutionNode = FALSE
	EndGlobalSection
	GlobalSection(ExtensibilityGlobals) = postSolution
		SolutionGuid = {9B72A1EF-726D-4B10-81CE-A71B43DDE248}
	EndGlobalSection
EndGlobal
